
Microsoft Visual Studio Solution File, Format Version 12.00
# Visual Studio 2015
Project("{FAE04EC0-301F-11D3-BF4B-00C04F79EFBC}") = "RescueandEscape.CSharp.Plugins", "RescueandEscape.CSharp.Plugins.csproj", "{4CF1AF09-7962-5E0B-3F11-297498569A3C}"
EndProject
Project("{FAE04EC0-301F-11D3-BF4B-00C04F79EFBC}") = "RescueandEscape.CSharp", "RescueandEscape.CSharp.csproj", "{A19C1BC1-5180-FCAD-5B0D-ECE490DBCDBD}"
EndProject
Project("{FAE04EC0-301F-11D3-BF4B-00C04F79EFBC}") = "RescueandEscape.CSharp.Editor", "RescueandEscape.CSharp.Editor.csproj", "{AA3DD7CC-7B16-9B70-AB1D-3D185B657EF6}"
EndProject
Global
	GlobalSection(SolutionConfigurationPlatforms) = preSolution
		Debug|Any CPU = Debug|Any CPU
		Release|Any CPU = Release|Any CPU
	EndGlobalSection
	GlobalSection(ProjectConfigurationPlatforms) = postSolution
		{4CF1AF09-7962-5E0B-3F11-297498569A3C}.Debug|Any CPU.ActiveCfg = Debug|Any CPU
		{4CF1AF09-7962-5E0B-3F11-297498569A3C}.Debug|Any CPU.Build.0 = Debug|Any CPU
		{4CF1AF09-7962-5E0B-3F11-297498569A3C}.Release|Any CPU.ActiveCfg = Release|Any CPU
		{4CF1AF09-7962-5E0B-3F11-297498569A3C}.Release|Any CPU.Build.0 = Release|Any CPU
		{A19C1BC1-5180-FCAD-5B0D-ECE490DBCDBD}.Debug|Any CPU.ActiveCfg = Debug|Any CPU
		{A19C1BC1-5180-FCAD-5B0D-ECE490DBCDBD}.Debug|Any CPU.Build.0 = Debug|Any CPU
		{A19C1BC1-5180-FCAD-5B0D-ECE490DBCDBD}.Release|Any CPU.ActiveCfg = Release|Any CPU
		{A19C1BC1-5180-FCAD-5B0D-ECE490DBCDBD}.Release|Any CPU.Build.0 = Release|Any CPU
		{AA3DD7CC-7B16-9B70-AB1D-3D185B657EF6}.Debug|Any CPU.ActiveCfg = Debug|Any CPU
		{AA3DD7CC-7B16-9B70-AB1D-3D185B657EF6}.Debug|Any CPU.Build.0 = Debug|Any CPU
		{AA3DD7CC-7B16-9B70-AB1D-3D185B657EF6}.Release|Any CPU.ActiveCfg = Release|Any CPU
		{AA3DD7CC-7B16-9B70-AB1D-3D185B657EF6}.Release|Any CPU.Build.0 = Release|Any CPU
	EndGlobalSection
	GlobalSection(SolutionProperties) = preSolution
		HideSolutionNode = FALSE
	EndGlobalSection
EndGlobal
