Microsoft Visual Studio Solution File, Format Version 11.00
# Visual Studio 2008

Project("{6BE1BE9E-9D2B-9B51-B3DB-6EEC2D8FD502}") = "Rescue and Escape", "Assembly-CSharp.csproj", "{CD88B102-E0CF-0801-2D6F-95619A29693C}"
EndProject
Project("{6BE1BE9E-9D2B-9B51-B3DB-6EEC2D8FD502}") = "Rescue and Escape", "Assembly-CSharp-Editor.csproj", "{E7957345-83A8-A5F5-CF36-F25EB2169247}"
EndProject
Global
	GlobalSection(SolutionConfigurationPlatforms) = preSolution
		Debug|Any CPU = Debug|Any CPU
		Release|Any CPU = Release|Any CPU
	EndGlobalSection
	GlobalSection(ProjectConfigurationPlatforms) = postSolution
		{CD88B102-E0CF-0801-2D6F-95619A29693C}.Debug|Any CPU.ActiveCfg = Debug|Any CPU
		{CD88B102-E0CF-0801-2D6F-95619A29693C}.Debug|Any CPU.Build.0 = Debug|Any CPU
		{CD88B102-E0CF-0801-2D6F-95619A29693C}.Release|Any CPU.ActiveCfg = Release|Any CPU
		{CD88B102-E0CF-0801-2D6F-95619A29693C}.Release|Any CPU.Build.0 = Release|Any CPU
		{E7957345-83A8-A5F5-CF36-F25EB2169247}.Debug|Any CPU.ActiveCfg = Debug|Any CPU
		{E7957345-83A8-A5F5-CF36-F25EB2169247}.Debug|Any CPU.Build.0 = Debug|Any CPU
		{E7957345-83A8-A5F5-CF36-F25EB2169247}.Release|Any CPU.ActiveCfg = Release|Any CPU
		{E7957345-83A8-A5F5-CF36-F25EB2169247}.Release|Any CPU.Build.0 = Release|Any CPU
	EndGlobalSection
	GlobalSection(SolutionProperties) = preSolution
		HideSolutionNode = FALSE
	EndGlobalSection
	GlobalSection(MonoDevelopProperties) = preSolution
		StartupItem = Assembly-CSharp.csproj
	EndGlobalSection
EndGlobal
